
Microsoft Visual Studio Solution File, Format Version 12.00
# Visual Studio Version 17
VisualStudioVersion = 17.3.32901.215
MinimumVisualStudioVersion = 10.0.40219.1
Project("{8BC9CEB8-8B4A-11D0-8D11-00A0C91BC942}") = "IgniteDemoLib", "IgniteDemoLib\IgniteDemoLib.vcxproj", "{9EE7332B-9727-4B64-8CBB-EC70C67B8B7A}"
EndProject
Project("{8BC9CEB8-8B4A-11D0-8D11-00A0C91BC942}") = "IgniteDemoTest", "IgniteDemoTest\IgniteDemoTest.vcxproj", "{614045BD-3473-42C6-9FF0-FF55481FF829}"
EndProject
Project("{2150E333-8FDC-42A3-9474-1A3956D46DE8}") = "Solution Items", "Solution Items", "{D83EF3F1-2065-496A-B9DD-B90FD08E3A65}"
	ProjectSection(SolutionItems) = preProject
		.clang-format = .clang-format
	EndProjectSection
EndProject
Project("{8BC9CEB8-8B4A-11D0-8D11-00A0C91BC942}") = "IgniteDemoApp", "IgniteDemoApp\IgniteDemoApp.vcxproj", "{995C29C9-2D92-49EA-B335-13B0414FE790}"
EndProject
Global
	GlobalSection(SolutionConfigurationPlatforms) = preSolution
		Debug|x64 = Debug|x64
		Debug|x86 = Debug|x86
		Release|x64 = Release|x64
		Release|x86 = Release|x86
	EndGlobalSection
	GlobalSection(ProjectConfigurationPlatforms) = postSolution
		{9EE7332B-9727-4B64-8CBB-EC70C67B8B7A}.Debug|x64.ActiveCfg = Debug|x64
		{9EE7332B-9727-4B64-8CBB-EC70C67B8B7A}.Debug|x64.Build.0 = Debug|x64
		{9EE7332B-9727-4B64-8CBB-EC70C67B8B7A}.Debug|x86.ActiveCfg = Debug|Win32
		{9EE7332B-9727-4B64-8CBB-EC70C67B8B7A}.Debug|x86.Build.0 = Debug|Win32
		{9EE7332B-9727-4B64-8CBB-EC70C67B8B7A}.Release|x64.ActiveCfg = Release|x64
		{9EE7332B-9727-4B64-8CBB-EC70C67B8B7A}.Release|x64.Build.0 = Release|x64
		{9EE7332B-9727-4B64-8CBB-EC70C67B8B7A}.Release|x86.ActiveCfg = Release|Win32
		{9EE7332B-9727-4B64-8CBB-EC70C67B8B7A}.Release|x86.Build.0 = Release|Win32
		{614045BD-3473-42C6-9FF0-FF55481FF829}.Debug|x64.ActiveCfg = Debug|x64
		{614045BD-3473-42C6-9FF0-FF55481FF829}.Debug|x64.Build.0 = Debug|x64
		{614045BD-3473-42C6-9FF0-FF55481FF829}.Debug|x86.ActiveCfg = Debug|Win32
		{614045BD-3473-42C6-9FF0-FF55481FF829}.Debug|x86.Build.0 = Debug|Win32
		{614045BD-3473-42C6-9FF0-FF55481FF829}.Release|x64.ActiveCfg = Release|x64
		{614045BD-3473-42C6-9FF0-FF55481FF829}.Release|x64.Build.0 = Release|x64
		{614045BD-3473-42C6-9FF0-FF55481FF829}.Release|x86.ActiveCfg = Release|Win32
		{614045BD-3473-42C6-9FF0-FF55481FF829}.Release|x86.Build.0 = Release|Win32
		{995C29C9-2D92-49EA-B335-13B0414FE790}.Debug|x64.ActiveCfg = Debug|x64
		{995C29C9-2D92-49EA-B335-13B0414FE790}.Debug|x64.Build.0 = Debug|x64
		{995C29C9-2D92-49EA-B335-13B0414FE790}.Debug|x86.ActiveCfg = Debug|Win32
		{995C29C9-2D92-49EA-B335-13B0414FE790}.Debug|x86.Build.0 = Debug|Win32
		{995C29C9-2D92-49EA-B335-13B0414FE790}.Release|x64.ActiveCfg = Release|x64
		{995C29C9-2D92-49EA-B335-13B0414FE790}.Release|x64.Build.0 = Release|x64
		{995C29C9-2D92-49EA-B335-13B0414FE790}.Release|x86.ActiveCfg = Release|Win32
		{995C29C9-2D92-49EA-B335-13B0414FE790}.Release|x86.Build.0 = Release|Win32
	EndGlobalSection
	GlobalSection(SolutionProperties) = preSolution
		HideSolutionNode = FALSE
	EndGlobalSection
	GlobalSection(ExtensibilityGlobals) = postSolution
		SolutionGuid = {68A33F37-3FEE-4F57-9887-91601A798D44}
	EndGlobalSection
EndGlobal
